
Microsoft Visual Studio Solution File, Format Version 12.00
# Visual Studio Version 17
VisualStudioVersion = 17.7.34024.191
MinimumVisualStudioVersion = 10.0.40219.1
Project("{FAE04EC0-301F-11D3-BF4B-00C04F79EFBC}") = "FizzBuzzAPI", "FizzBuzzAPI\FizzBuzzAPI.csproj", "{9A94BFDA-F5B7-4178-AC5D-F540C04AF17B}"
EndProject
Project("{54A90642-561A-4BB1-A94E-469ADEE60C69}") = "FizzBuzzClient", "FizzBuzzClient\FizzBuzzClient.esproj", "{DA1A07F8-1C9D-4FAA-B02E-EDFA492846D5}"
EndProject
Global
	GlobalSection(SolutionConfigurationPlatforms) = preSolution
		Debug|Any CPU = Debug|Any CPU
		Release|Any CPU = Release|Any CPU
	EndGlobalSection
	GlobalSection(ProjectConfigurationPlatforms) = postSolution
		{9A94BFDA-F5B7-4178-AC5D-F540C04AF17B}.Debug|Any CPU.ActiveCfg = Debug|Any CPU
		{9A94BFDA-F5B7-4178-AC5D-F540C04AF17B}.Debug|Any CPU.Build.0 = Debug|Any CPU
		{9A94BFDA-F5B7-4178-AC5D-F540C04AF17B}.Release|Any CPU.ActiveCfg = Release|Any CPU
		{9A94BFDA-F5B7-4178-AC5D-F540C04AF17B}.Release|Any CPU.Build.0 = Release|Any CPU
		{DA1A07F8-1C9D-4FAA-B02E-EDFA492846D5}.Debug|Any CPU.ActiveCfg = Debug|Any CPU
		{DA1A07F8-1C9D-4FAA-B02E-EDFA492846D5}.Debug|Any CPU.Build.0 = Debug|Any CPU
		{DA1A07F8-1C9D-4FAA-B02E-EDFA492846D5}.Debug|Any CPU.Deploy.0 = Debug|Any CPU
		{DA1A07F8-1C9D-4FAA-B02E-EDFA492846D5}.Release|Any CPU.ActiveCfg = Release|Any CPU
		{DA1A07F8-1C9D-4FAA-B02E-EDFA492846D5}.Release|Any CPU.Build.0 = Release|Any CPU
		{DA1A07F8-1C9D-4FAA-B02E-EDFA492846D5}.Release|Any CPU.Deploy.0 = Release|Any CPU
	EndGlobalSection
	GlobalSection(SolutionProperties) = preSolution
		HideSolutionNode = FALSE
	EndGlobalSection
	GlobalSection(ExtensibilityGlobals) = postSolution
		SolutionGuid = {CAA1AF59-7856-470C-9188-E24D81A8DA48}
	EndGlobalSection
EndGlobal
